// !$*UTF8*$!
{
	archiveVersion = 1;
	classes = {
	};
	objectVersion = 50;
	objects = {

/* Begin PBXBuildFile section */
		F487FD7827129FCD0032DDD1 /* AppDelegate.swift in Sources */ = {isa = PBXBuildFile; fileRef = F487FD7727129FCD0032DDD1 /* AppDelegate.swift */; };
		F487FD7A27129FCD0032DDD1 /* SceneDelegate.swift in Sources */ = {isa = PBXBuildFile; fileRef = F487FD7927129FCD0032DDD1 /* SceneDelegate.swift */; };
		F487FD7C27129FCD0032DDD1 /* ViewController.swift in Sources */ = {isa = PBXBuildFile; fileRef = F487FD7B27129FCD0032DDD1 /* ViewController.swift */; };
		F487FD7F27129FCD0032DDD1 /* Main.storyboard in Resources */ = {isa = PBXBuildFile; fileRef = F487FD7D27129FCD0032DDD1 /* Main.storyboard */; };
		F487FD8127129FD00032DDD1 /* Assets.xcassets in Resources */ = {isa = PBXBuildFile; fileRef = F487FD8027129FD00032DDD1 /* Assets.xcassets */; };
		F487FD8427129FD00032DDD1 /* LaunchScreen.storyboard in Resources */ = {isa = PBXBuildFile; fileRef = F487FD8227129FD00032DDD1 /* LaunchScreen.storyboard */; };
		F487FD8C2712A1D80032DDD1 /* RMTableViewCell.swift in Sources */ = {isa = PBXBuildFile; fileRef = F487FD8B2712A1D80032DDD1 /* RMTableViewCell.swift */; };
		F487FD8E2712ACAC0032DDD1 /* Model.swift in Sources */ = {isa = PBXBuildFile; fileRef = F487FD8D2712ACAC0032DDD1 /* Model.swift */; };
		F487FD902712ACBF0032DDD1 /* NetworkManager.swift in Sources */ = {isa = PBXBuildFile; fileRef = F487FD8F2712ACBF0032DDD1 /* NetworkManager.swift */; };
		F487FD922712B65D0032DDD1 /* FullViewController.swift in Sources */ = {isa = PBXBuildFile; fileRef = F487FD912712B65D0032DDD1 /* FullViewController.swift */; };
/* End PBXBuildFile section */

/* Begin PBXFileReference section */
		F487FD7427129FCD0032DDD1 /* The Rick and Morty API.app */ = {isa = PBXFileReference; explicitFileType = wrapper.application; includeInIndex = 0; path = "The Rick and Morty API.app"; sourceTree = BUILT_PRODUCTS_DIR; };
		F487FD7727129FCD0032DDD1 /* AppDelegate.swift */ = {isa = PBXFileReference; lastKnownFileType = sourcecode.swift; path = AppDelegate.swift; sourceTree = "<group>"; };
		F487FD7927129FCD0032DDD1 /* SceneDelegate.swift */ = {isa = PBXFileReference; lastKnownFileType = sourcecode.swift; path = SceneDelegate.swift; sourceTree = "<group>"; };
		F487FD7B27129FCD0032DDD1 /* ViewController.swift */ = {isa = PBXFileReference; lastKnownFileType = sourcecode.swift; path = ViewController.swift; sourceTree = "<group>"; };
		F487FD7E27129FCD0032DDD1 /* Base */ = {isa = PBXFileReference; lastKnownFileType = file.storyboard; name = Base; path = Base.lproj/Main.storyboard; sourceTree = "<group>"; };
		F487FD8027129FD00032DDD1 /* Assets.xcassets */ = {isa = PBXFileReference; lastKnownFileType = folder.assetcatalog; path = Assets.xcassets; sourceTree = "<group>"; };
		F487FD8327129FD00032DDD1 /* Base */ = {isa = PBXFileReference; lastKnownFileType = file.storyboard; name = Base; path = Base.lproj/LaunchScreen.storyboard; sourceTree = "<group>"; };
		F487FD8527129FD00032DDD1 /* Info.plist */ = {isa = PBXFileReference; lastKnownFileType = text.plist.xml; path = Info.plist; sourceTree = "<group>"; };
		F487FD8B2712A1D80032DDD1 /* RMTableViewCell.swift */ = {isa = PBXFileReference; lastKnownFileType = sourcecode.swift; path = RMTableViewCell.swift; sourceTree = "<group>"; };
		F487FD8D2712ACAC0032DDD1 /* Model.swift */ = {isa = PBXFileReference; fileEncoding = 4; lastKnownFileType = sourcecode.swift; path = Model.swift; sourceTree = "<group>"; };
		F487FD8F2712ACBF0032DDD1 /* NetworkManager.swift */ = {isa = PBXFileReference; fileEncoding = 4; lastKnownFileType = sourcecode.swift; path = NetworkManager.swift; sourceTree = "<group>"; };
		F487FD912712B65D0032DDD1 /* FullViewController.swift */ = {isa = PBXFileReference; lastKnownFileType = sourcecode.swift; path = FullViewController.swift; sourceTree = "<group>"; };
/* End PBXFileReference section */

/* Begin PBXFrameworksBuildPhase section */
		F487FD7127129FCD0032DDD1 /* Frameworks */ = {
			isa = PBXFrameworksBuildPhase;
			buildActionMask = 2147483647;
			files = (
			);
			runOnlyForDeploymentPostprocessing = 0;
		};
/* End PBXFrameworksBuildPhase section */

/* Begin PBXGroup section */
		F487FD6B27129FCD0032DDD1 = {
			isa = PBXGroup;
			children = (
				F487FD7627129FCD0032DDD1 /* The Rick and Morty API */,
				F487FD7527129FCD0032DDD1 /* Products */,
			);
			sourceTree = "<group>";
		};
		F487FD7527129FCD0032DDD1 /* Products */ = {
			isa = PBXGroup;
			children = (
				F487FD7427129FCD0032DDD1 /* The Rick and Morty API.app */,
			);
			name = Products;
			sourceTree = "<group>";
		};
		F487FD7627129FCD0032DDD1 /* The Rick and Morty API */ = {
			isa = PBXGroup;
			children = (
				F487FD7727129FCD0032DDD1 /* AppDelegate.swift */,
				F487FD7927129FCD0032DDD1 /* SceneDelegate.swift */,
				F487FD8B2712A1D80032DDD1 /* RMTableViewCell.swift */,
				F487FD7B27129FCD0032DDD1 /* ViewController.swift */,
				F487FD7D27129FCD0032DDD1 /* Main.storyboard */,
				F487FD912712B65D0032DDD1 /* FullViewController.swift */,
				F487FD8D2712ACAC0032DDD1 /* Model.swift */,
				F487FD8F2712ACBF0032DDD1 /* NetworkManager.swift */,
				F487FD8027129FD00032DDD1 /* Assets.xcassets */,
				F487FD8227129FD00032DDD1 /* LaunchScreen.storyboard */,
				F487FD8527129FD00032DDD1 /* Info.plist */,
			);
			path = "The Rick and Morty API";
			sourceTree = "<group>";
		};
/* End PBXGroup section */

/* Begin PBXNativeTarget section */
		F487FD7327129FCD0032DDD1 /* The Rick and Morty API */ = {
			isa = PBXNativeTarget;
			buildConfigurationList = F487FD8827129FD00032DDD1 /* Build configuration list for PBXNativeTarget "The Rick and Morty API" */;
			buildPhases = (
				F487FD7027129FCD0032DDD1 /* Sources */,
				F487FD7127129FCD0032DDD1 /* Frameworks */,
				F487FD7227129FCD0032DDD1 /* Resources */,
			);
			buildRules = (
			);
			dependencies = (
			);
			name = "The Rick and Morty API";
			productName = "The Rick and Morty API";
			productReference = F487FD7427129FCD0032DDD1 /* The Rick and Morty API.app */;
			productType = "com.apple.product-type.application";
		};
/* End PBXNativeTarget section */

/* Begin PBXProject section */
		F487FD6C27129FCD0032DDD1 /* Project object */ = {
			isa = PBXProject;
			attributes = {
				LastSwiftUpdateCheck = 1250;
				LastUpgradeCheck = 1250;
				TargetAttributes = {
					F487FD7327129FCD0032DDD1 = {
						CreatedOnToolsVersion = 12.5;
					};
				};
			};
			buildConfigurationList = F487FD6F27129FCD0032DDD1 /* Build configuration list for PBXProject "The Rick and Morty API" */;
			compatibilityVersion = "Xcode 9.3";
			developmentRegion = en;
			hasScannedForEncodings = 0;
			knownRegions = (
				en,
				Base,
			);
			mainGroup = F487FD6B27129FCD0032DDD1;
			productRefGroup = F487FD7527129FCD0032DDD1 /* Products */;
			projectDirPath = "";
			projectRoot = "";
			targets = (
				F487FD7327129FCD0032DDD1 /* The Rick and Morty API */,
			);
		};
/* End PBXProject section */

/* Begin PBXResourcesBuildPhase section */
		F487FD7227129FCD0032DDD1 /* Resources */ = {
			isa = PBXResourcesBuildPhase;
			buildActionMask = 2147483647;
			files = (
				F487FD8427129FD00032DDD1 /* LaunchScreen.storyboard in Resources */,
				F487FD8127129FD00032DDD1 /* Assets.xcassets in Resources */,
				F487FD7F27129FCD0032DDD1 /* Main.storyboard in Resources */,
			);
			runOnlyForDeploymentPostprocessing = 0;
		};
/* End PBXResourcesBuildPhase section */

/* Begin PBXSourcesBuildPhase section */
		F487FD7027129FCD0032DDD1 /* Sources */ = {
			isa = PBXSourcesBuildPhase;
			buildActionMask = 2147483647;
			files = (
				F487FD902712ACBF0032DDD1 /* NetworkManager.swift in Sources */,
				F487FD8E2712ACAC0032DDD1 /* Model.swift in Sources */,
				F487FD7C27129FCD0032DDD1 /* ViewController.swift in Sources */,
				F487FD7827129FCD0032DDD1 /* AppDelegate.swift in Sources */,
				F487FD8C2712A1D80032DDD1 /* RMTableViewCell.swift in Sources */,
				F487FD7A27129FCD0032DDD1 /* SceneDelegate.swift in Sources */,
				F487FD922712B65D0032DDD1 /* FullViewController.swift in Sources */,
			);
			runOnlyForDeploymentPostprocessing = 0;
		};
/* End PBXSourcesBuildPhase section */

/* Begin PBXVariantGroup section */
		F487FD7D27129FCD0032DDD1 /* Main.storyboard */ = {
			isa = PBXVariantGroup;
			children = (
				F487FD7E27129FCD0032DDD1 /* Base */,
			);
			name = Main.storyboard;
			sourceTree = "<group>";
		};
		F487FD8227129FD00032DDD1 /* LaunchScreen.storyboard */ = {
			isa = PBXVariantGroup;
			children = (
				F487FD8327129FD00032DDD1 /* Base */,
			);
			name = LaunchScreen.storyboard;
			sourceTree = "<group>";
		};
/* End PBXVariantGroup section */

/* Begin XCBuildConfiguration section */
		F487FD8627129FD00032DDD1 /* Debug */ = {
			isa = XCBuildConfiguration;
			buildSettings = {
				ALWAYS_SEARCH_USER_PATHS = NO;
				CLANG_ANALYZER_NONNULL = YES;
				CLANG_ANALYZER_NUMBER_OBJECT_CONVERSION = YES_AGGRESSIVE;
				CLANG_CXX_LANGUAGE_STANDARD = "gnu++14";
				CLANG_CXX_LIBRARY = "libc++";
				CLANG_ENABLE_MODULES = YES;
				CLANG_ENABLE_OBJC_ARC = YES;
				CLANG_ENABLE_OBJC_WEAK = YES;
				CLANG_WARN_BLOCK_CAPTURE_AUTORELEASING = YES;
				CLANG_WARN_BOOL_CONVERSION = YES;
				CLANG_WARN_COMMA = YES;
				CLANG_WARN_CONSTANT_CONVERSION = YES;
				CLANG_WARN_DEPRECATED_OBJC_IMPLEMENTATIONS = YES;
				CLANG_WARN_DIRECT_OBJC_ISA_USAGE = YES_ERROR;
				CLANG_WARN_DOCUMENTATION_COMMENTS = YES;
				CLANG_WARN_EMPTY_BODY = YES;
				CLANG_WARN_ENUM_CONVERSION = YES;
				CLANG_WARN_INFINITE_RECURSION = YES;
				CLANG_WARN_INT_CONVERSION = YES;
				CLANG_WARN_NON_LITERAL_NULL_CONVERSION = YES;
				CLANG_WARN_OBJC_IMPLICIT_RETAIN_SELF = YES;
				CLANG_WARN_OBJC_LITERAL_CONVERSION = YES;
				CLANG_WARN_OBJC_ROOT_CLASS = YES_ERROR;
				CLANG_WARN_QUOTED_INCLUDE_IN_FRAMEWORK_HEADER = YES;
				CLANG_WARN_RANGE_LOOP_ANALYSIS = YES;
				CLANG_WARN_STRICT_PROTOTYPES = YES;
				CLANG_WARN_SUSPICIOUS_MOVE = YES;
				CLANG_WARN_UNGUARDED_AVAILABILITY = YES_AGGRESSIVE;
				CLANG_WARN_UNREACHABLE_CODE = YES;
				CLANG_WARN__DUPLICATE_METHOD_MATCH = YES;
				COPY_PHASE_STRIP = NO;
				DEBUG_INFORMATION_FORMAT = dwarf;
				ENABLE_STRICT_OBJC_MSGSEND = YES;
				ENABLE_TESTABILITY = YES;
				GCC_C_LANGUAGE_STANDARD = gnu11;
				GCC_DYNAMIC_NO_PIC = NO;
				GCC_NO_COMMON_BLOCKS = YES;
				GCC_OPTIMIZATION_LEVEL = 0;
				GCC_PREPROCESSOR_DEFINITIONS = (
					"DEBUG=1",
					"$(inherited)",
				);
				GCC_WARN_64_TO_32_BIT_CONVERSION = YES;
				GCC_WARN_ABOUT_RETURN_TYPE = YES_ERROR;
				GCC_WARN_UNDECLARED_SELECTOR = YES;
				GCC_WARN_UNINITIALIZED_AUTOS = YES_AGGRESSIVE;
				GCC_WARN_UNUSED_FUNCTION = YES;
				GCC_WARN_UNUSED_VARIABLE = YES;
				IPHONEOS_DEPLOYMENT_TARGET = 14.5;
				MTL_ENABLE_DEBUG_INFO = INCLUDE_SOURCE;
				MTL_FAST_MATH = YES;
				ONLY_ACTIVE_ARCH = YES;
				SDKROOT = iphoneos;
				SWIFT_ACTIVE_COMPILATION_CONDITIONS = DEBUG;
				SWIFT_OPTIMIZATION_LEVEL = "-Onone";
			};
			name = Debug;
		};
		F487FD8727129FD00032DDD1 /* Release */ = {
			isa = XCBuildConfiguration;
			buildSettings = {
				ALWAYS_SEARCH_USER_PATHS = NO;
				CLANG_ANALYZER_NONNULL = YES;
				CLANG_ANALYZER_NUMBER_OBJECT_CONVERSION = YES_AGGRESSIVE;
				CLANG_CXX_LANGUAGE_STANDARD = "gnu++14";
				CLANG_CXX_LIBRARY = "libc++";
				CLANG_ENABLE_MODULES = YES;
				CLANG_ENABLE_OBJC_ARC = YES;
				CLANG_ENABLE_OBJC_WEAK = YES;
				CLANG_WARN_BLOCK_CAPTURE_AUTORELEASING = YES;
				CLANG_WARN_BOOL_CONVERSION = YES;
				CLANG_WARN_COMMA = YES;
				CLANG_WARN_CONSTANT_CONVERSION = YES;
				CLANG_WARN_DEPRECATED_OBJC_IMPLEMENTATIONS = YES;
				CLANG_WARN_DIRECT_OBJC_ISA_USAGE = YES_ERROR;
				CLANG_WARN_DOCUMENTATION_COMMENTS = YES;
				CLANG_WARN_EMPTY_BODY = YES;
				CLANG_WARN_ENUM_CONVERSION = YES;
				CLANG_WARN_INFINITE_RECURSION = YES;
				CLANG_WARN_INT_CONVERSION = YES;
				CLANG_WARN_NON_LITERAL_NULL_CONVERSION = YES;
				CLANG_WARN_OBJC_IMPLICIT_RETAIN_SELF = YES;
				CLANG_WARN_OBJC_LITERAL_CONVERSION = YES;
				CLANG_WARN_OBJC_ROOT_CLASS = YES_ERROR;
				CLANG_WARN_QUOTED_INCLUDE_IN_FRAMEWORK_HEADER = YES;
				CLANG_WARN_RANGE_LOOP_ANALYSIS = YES;
				CLANG_WARN_STRICT_PROTOTYPES = YES;
				CLANG_WARN_SUSPICIOUS_MOVE = YES;
				CLANG_WARN_UNGUARDED_AVAILABILITY = YES_AGGRESSIVE;
				CLANG_WARN_UNREACHABLE_CODE = YES;
				CLANG_WARN__DUPLICATE_METHOD_MATCH = YES;
				COPY_PHASE_STRIP = NO;
				DEBUG_INFORMATION_FORMAT = "dwarf-with-dsym";
				ENABLE_NS_ASSERTIONS = NO;
				ENABLE_STRICT_OBJC_MSGSEND = YES;
				GCC_C_LANGUAGE_STANDARD = gnu11;
				GCC_NO_COMMON_BLOCKS = YES;
				GCC_WARN_64_TO_32_BIT_CONVERSION = YES;
				GCC_WARN_ABOUT_RETURN_TYPE = YES_ERROR;
				GCC_WARN_UNDECLARED_SELECTOR = YES;
				GCC_WARN_UNINITIALIZED_AUTOS = YES_AGGRESSIVE;
				GCC_WARN_UNUSED_FUNCTION = YES;
				GCC_WARN_UNUSED_VARIABLE = YES;
				IPHONEOS_DEPLOYMENT_TARGET = 14.5;
				MTL_ENABLE_DEBUG_INFO = NO;
				MTL_FAST_MATH = YES;
				SDKROOT = iphoneos;
				SWIFT_COMPILATION_MODE = wholemodule;
				SWIFT_OPTIMIZATION_LEVEL = "-O";
				VALIDATE_PRODUCT = YES;
			};
			name = Release;
		};
		F487FD8927129FD00032DDD1 /* Debug */ = {
			isa = XCBuildConfiguration;
			buildSettings = {
				ASSETCATALOG_COMPILER_APPICON_NAME = AppIcon;
				ASSETCATALOG_COMPILER_GLOBAL_ACCENT_COLOR_NAME = AccentColor;
				CODE_SIGN_STYLE = Automatic;
				DEVELOPMENT_TEAM = 7XLJ4BB85J;
				INFOPLIST_FILE = "The Rick and Morty API/Info.plist";
				LD_RUNPATH_SEARCH_PATHS = (
					"$(inherited)",
					"@executable_path/Frameworks",
				);
				PRODUCT_BUNDLE_IDENTIFIER = "S.K.A..The-Rick-and-Morty-API";
				PRODUCT_NAME = "$(TARGET_NAME)";
				SWIFT_VERSION = 5.0;
				TARGETED_DEVICE_FAMILY = 1;
			};
			name = Debug;
		};
		F487FD8A27129FD00032DDD1 /* Release */ = {
			isa = XCBuildConfiguration;
			buildSettings = {
				ASSETCATALOG_COMPILER_APPICON_NAME = AppIcon;
				ASSETCATALOG_COMPILER_GLOBAL_ACCENT_COLOR_NAME = AccentColor;
				CODE_SIGN_STYLE = Automatic;
				DEVELOPMENT_TEAM = 7XLJ4BB85J;
				INFOPLIST_FILE = "The Rick and Morty API/Info.plist";
				LD_RUNPATH_SEARCH_PATHS = (
					"$(inherited)",
					"@executable_path/Frameworks",
				);
				PRODUCT_BUNDLE_IDENTIFIER = "S.K.A..The-Rick-and-Morty-API";
				PRODUCT_NAME = "$(TARGET_NAME)";
				SWIFT_VERSION = 5.0;
				TARGETED_DEVICE_FAMILY = 1;
			};
			name = Release;
		};
/* End XCBuildConfiguration section */

/* Begin XCConfigurationList section */
		F487FD6F27129FCD0032DDD1 /* Build configuration list for PBXProject "The Rick and Morty API" */ = {
			isa = XCConfigurationList;
			buildConfigurations = (
				F487FD8627129FD00032DDD1 /* Debug */,
				F487FD8727129FD00032DDD1 /* Release */,
			);
			defaultConfigurationIsVisible = 0;
			defaultConfigurationName = Release;
		};
		F487FD8827129FD00032DDD1 /* Build configuration list for PBXNativeTarget "The Rick and Morty API" */ = {
			isa = XCConfigurationList;
			buildConfigurations = (
				F487FD8927129FD00032DDD1 /* Debug */,
				F487FD8A27129FD00032DDD1 /* Release */,
			);
			defaultConfigurationIsVisible = 0;
			defaultConfigurationName = Release;
		};
/* End XCConfigurationList section */
	};
	rootObject = F487FD6C27129FCD0032DDD1 /* Project object */;
}
